
Microsoft Visual Studio Solution File, Format Version 12.00
# Visual Studio Version 17
VisualStudioVersion = 17.14.36203.30 d17.14
MinimumVisualStudioVersion = 10.0.40219.1
Project("{FAE04EC0-301F-11D3-BF4B-00C04F79EFBC}") = "NZWalks.API", "NZWalks.API\NZWalks.API.csproj", "{513BD84D-9FD6-49C5-9E9E-C3B7D9241068}"
EndProject
Global
	GlobalSection(SolutionConfigurationPlatforms) = preSolution
		Debug|Any CPU = Debug|Any CPU
		Release|Any CPU = Release|Any CPU
	EndGlobalSection
	GlobalSection(ProjectConfigurationPlatforms) = postSolution
		{513BD84D-9FD6-49C5-9E9E-C3B7D9241068}.Debug|Any CPU.ActiveCfg = Debug|Any CPU
		{513BD84D-9FD6-49C5-9E9E-C3B7D9241068}.Debug|Any CPU.Build.0 = Debug|Any CPU
		{513BD84D-9FD6-49C5-9E9E-C3B7D9241068}.Release|Any CPU.ActiveCfg = Release|Any CPU
		{513BD84D-9FD6-49C5-9E9E-C3B7D9241068}.Release|Any CPU.Build.0 = Release|Any CPU
	EndGlobalSection
	GlobalSection(SolutionProperties) = preSolution
		HideSolutionNode = FALSE
	EndGlobalSection
	GlobalSection(ExtensibilityGlobals) = postSolution
		SolutionGuid = {46ADE3E8-A8A6-4ACC-8877-BFC427E2415C}
	EndGlobalSection
EndGlobal
